
Microsoft Visual Studio Solution File, Format Version 12.00
# Visual Studio 15
VisualStudioVersion = 15.0.27004.2009
MinimumVisualStudioVersion = 10.0.40219.1
Project("{FAE04EC0-301F-11D3-BF4B-00C04F79EFBC}") = "testingWithRicardo", "testingWithRicardo\testingWithRicardo.csproj", "{377A2C79-FFD8-4553-AFEE-3D55748BCD3D}"
EndProject
Global
	GlobalSection(SolutionConfigurationPlatforms) = preSolution
		Debug|Any CPU = Debug|Any CPU
		Release|Any CPU = Release|Any CPU
	EndGlobalSection
	GlobalSection(ProjectConfigurationPlatforms) = postSolution
		{377A2C79-FFD8-4553-AFEE-3D55748BCD3D}.Debug|Any CPU.ActiveCfg = Debug|Any CPU
		{377A2C79-FFD8-4553-AFEE-3D55748BCD3D}.Debug|Any CPU.Build.0 = Debug|Any CPU
		{377A2C79-FFD8-4553-AFEE-3D55748BCD3D}.Release|Any CPU.ActiveCfg = Release|Any CPU
		{377A2C79-FFD8-4553-AFEE-3D55748BCD3D}.Release|Any CPU.Build.0 = Release|Any CPU
	EndGlobalSection
	GlobalSection(SolutionProperties) = preSolution
		HideSolutionNode = FALSE
	EndGlobalSection
	GlobalSection(ExtensibilityGlobals) = postSolution
		SolutionGuid = {6A3B33D8-802F-4FD0-BC3B-CA2FDE175B11}
	EndGlobalSection
EndGlobal
